// !$*UTF8*$!
{
	archiveVersion = 1;
	classes = {
	};
	objectVersion = 46;
	objects = {

/* Begin PBXBuildFile section */
		D0D489101E8722BB007A1FB4 /* AppDelegate.swift in Sources */ = {isa = PBXBuildFile; fileRef = D0D4890F1E8722BB007A1FB4 /* AppDelegate.swift */; };
		D0D489121E8722BB007A1FB4 /* ViewController.swift in Sources */ = {isa = PBXBuildFile; fileRef = D0D489111E8722BB007A1FB4 /* ViewController.swift */; };
		D0D489151E8722BB007A1FB4 /* Main.storyboard in Resources */ = {isa = PBXBuildFile; fileRef = D0D489131E8722BB007A1FB4 /* Main.storyboard */; };
		D0D489181E8722BB007A1FB4 /* MojePrzepisy.xcdatamodeld in Sources */ = {isa = PBXBuildFile; fileRef = D0D489161E8722BB007A1FB4 /* MojePrzepisy.xcdatamodeld */; };
		D0D4891A1E8722BC007A1FB4 /* Assets.xcassets in Resources */ = {isa = PBXBuildFile; fileRef = D0D489191E8722BC007A1FB4 /* Assets.xcassets */; };
		D0D4891D1E8722BC007A1FB4 /* LaunchScreen.storyboard in Resources */ = {isa = PBXBuildFile; fileRef = D0D4891B1E8722BC007A1FB4 /* LaunchScreen.storyboard */; };
/* End PBXBuildFile section */

/* Begin PBXFileReference section */
		D0D4890C1E8722BB007A1FB4 /* MojePrzepisy.app */ = {isa = PBXFileReference; explicitFileType = wrapper.application; includeInIndex = 0; path = MojePrzepisy.app; sourceTree = BUILT_PRODUCTS_DIR; };
		D0D4890F1E8722BB007A1FB4 /* AppDelegate.swift */ = {isa = PBXFileReference; lastKnownFileType = sourcecode.swift; path = AppDelegate.swift; sourceTree = "<group>"; };
		D0D489111E8722BB007A1FB4 /* ViewController.swift */ = {isa = PBXFileReference; lastKnownFileType = sourcecode.swift; path = ViewController.swift; sourceTree = "<group>"; };
		D0D489141E8722BB007A1FB4 /* Base */ = {isa = PBXFileReference; lastKnownFileType = file.storyboard; name = Base; path = Base.lproj/Main.storyboard; sourceTree = "<group>"; };
		D0D489171E8722BB007A1FB4 /* MojePrzepisy.xcdatamodel */ = {isa = PBXFileReference; lastKnownFileType = wrapper.xcdatamodel; path = MojePrzepisy.xcdatamodel; sourceTree = "<group>"; };
		D0D489191E8722BC007A1FB4 /* Assets.xcassets */ = {isa = PBXFileReference; lastKnownFileType = folder.assetcatalog; path = Assets.xcassets; sourceTree = "<group>"; };
		D0D4891C1E8722BC007A1FB4 /* Base */ = {isa = PBXFileReference; lastKnownFileType = file.storyboard; name = Base; path = Base.lproj/LaunchScreen.storyboard; sourceTree = "<group>"; };
		D0D4891E1E8722BC007A1FB4 /* Info.plist */ = {isa = PBXFileReference; lastKnownFileType = text.plist.xml; path = Info.plist; sourceTree = "<group>"; };
/* End PBXFileReference section */

/* Begin PBXFrameworksBuildPhase section */
		D0D489091E8722BB007A1FB4 /* Frameworks */ = {
			isa = PBXFrameworksBuildPhase;
			buildActionMask = 2147483647;
			files = (
			);
			runOnlyForDeploymentPostprocessing = 0;
		};
/* End PBXFrameworksBuildPhase section */

/* Begin PBXGroup section */
		D0D489031E8722BB007A1FB4 = {
			isa = PBXGroup;
			children = (
				D0D4890E1E8722BB007A1FB4 /* MojePrzepisy */,
				D0D4890D1E8722BB007A1FB4 /* Products */,
			);
			sourceTree = "<group>";
		};
		D0D4890D1E8722BB007A1FB4 /* Products */ = {
			isa = PBXGroup;
			children = (
				D0D4890C1E8722BB007A1FB4 /* MojePrzepisy.app */,
			);
			name = Products;
			sourceTree = "<group>";
		};
		D0D4890E1E8722BB007A1FB4 /* MojePrzepisy */ = {
			isa = PBXGroup;
			children = (
				D0D4890F1E8722BB007A1FB4 /* AppDelegate.swift */,
				D0D489111E8722BB007A1FB4 /* ViewController.swift */,
				D0D489131E8722BB007A1FB4 /* Main.storyboard */,
				D0D489191E8722BC007A1FB4 /* Assets.xcassets */,
				D0D4891B1E8722BC007A1FB4 /* LaunchScreen.storyboard */,
				D0D4891E1E8722BC007A1FB4 /* Info.plist */,
				D0D489161E8722BB007A1FB4 /* MojePrzepisy.xcdatamodeld */,
			);
			path = MojePrzepisy;
			sourceTree = "<group>";
		};
/* End PBXGroup section */

/* Begin PBXNativeTarget section */
		D0D4890B1E8722BB007A1FB4 /* MojePrzepisy */ = {
			isa = PBXNativeTarget;
			buildConfigurationList = D0D489211E8722BC007A1FB4 /* Build configuration list for PBXNativeTarget "MojePrzepisy" */;
			buildPhases = (
				D0D489081E8722BB007A1FB4 /* Sources */,
				D0D489091E8722BB007A1FB4 /* Frameworks */,
				D0D4890A1E8722BB007A1FB4 /* Resources */,
			);
			buildRules = (
			);
			dependencies = (
			);
			name = MojePrzepisy;
			productName = MojePrzepisy;
			productReference = D0D4890C1E8722BB007A1FB4 /* MojePrzepisy.app */;
			productType = "com.apple.product-type.application";
		};
/* End PBXNativeTarget section */

/* Begin PBXProject section */
		D0D489041E8722BB007A1FB4 /* Project object */ = {
			isa = PBXProject;
			attributes = {
				LastSwiftUpdateCheck = 0730;
				LastUpgradeCheck = 0730;
				ORGANIZATIONNAME = "Peter Zaporowski";
				TargetAttributes = {
					D0D4890B1E8722BB007A1FB4 = {
						CreatedOnToolsVersion = 7.3.1;
					};
				};
			};
			buildConfigurationList = D0D489071E8722BB007A1FB4 /* Build configuration list for PBXProject "MojePrzepisy" */;
			compatibilityVersion = "Xcode 3.2";
			developmentRegion = English;
			hasScannedForEncodings = 0;
			knownRegions = (
				en,
				Base,
			);
			mainGroup = D0D489031E8722BB007A1FB4;
			productRefGroup = D0D4890D1E8722BB007A1FB4 /* Products */;
			projectDirPath = "";
			projectRoot = "";
			targets = (
				D0D4890B1E8722BB007A1FB4 /* MojePrzepisy */,
			);
		};
/* End PBXProject section */

/* Begin PBXResourcesBuildPhase section */
		D0D4890A1E8722BB007A1FB4 /* Resources */ = {
			isa = PBXResourcesBuildPhase;
			buildActionMask = 2147483647;
			files = (
				D0D4891D1E8722BC007A1FB4 /* LaunchScreen.storyboard in Resources */,
				D0D4891A1E8722BC007A1FB4 /* Assets.xcassets in Resources */,
				D0D489151E8722BB007A1FB4 /* Main.storyboard in Resources */,
			);
			runOnlyForDeploymentPostprocessing = 0;
		};
/* End PBXResourcesBuildPhase section */

/* Begin PBXSourcesBuildPhase section */
		D0D489081E8722BB007A1FB4 /* Sources */ = {
			isa = PBXSourcesBuildPhase;
			buildActionMask = 2147483647;
			files = (
				D0D489181E8722BB007A1FB4 /* MojePrzepisy.xcdatamodeld in Sources */,
				D0D489121E8722BB007A1FB4 /* ViewController.swift in Sources */,
				D0D489101E8722BB007A1FB4 /* AppDelegate.swift in Sources */,
			);
			runOnlyForDeploymentPostprocessing = 0;
		};
/* End PBXSourcesBuildPhase section */

/* Begin PBXVariantGroup section */
		D0D489131E8722BB007A1FB4 /* Main.storyboard */ = {
			isa = PBXVariantGroup;
			children = (
				D0D489141E8722BB007A1FB4 /* Base */,
			);
			name = Main.storyboard;
			sourceTree = "<group>";
		};
		D0D4891B1E8722BC007A1FB4 /* LaunchScreen.storyboard */ = {
			isa = PBXVariantGroup;
			children = (
				D0D4891C1E8722BC007A1FB4 /* Base */,
			);
			name = LaunchScreen.storyboard;
			sourceTree = "<group>";
		};
/* End PBXVariantGroup section */

/* Begin XCBuildConfiguration section */
		D0D4891F1E8722BC007A1FB4 /* Debug */ = {
			isa = XCBuildConfiguration;
			buildSettings = {
				ALWAYS_SEARCH_USER_PATHS = NO;
				CLANG_ANALYZER_NONNULL = YES;
				CLANG_CXX_LANGUAGE_STANDARD = "gnu++0x";
				CLANG_CXX_LIBRARY = "libc++";
				CLANG_ENABLE_MODULES = YES;
				CLANG_ENABLE_OBJC_ARC = YES;
				CLANG_WARN_BOOL_CONVERSION = YES;
				CLANG_WARN_CONSTANT_CONVERSION = YES;
				CLANG_WARN_DIRECT_OBJC_ISA_USAGE = YES_ERROR;
				CLANG_WARN_EMPTY_BODY = YES;
				CLANG_WARN_ENUM_CONVERSION = YES;
				CLANG_WARN_INT_CONVERSION = YES;
				CLANG_WARN_OBJC_ROOT_CLASS = YES_ERROR;
				CLANG_WARN_UNREACHABLE_CODE = YES;
				CLANG_WARN__DUPLICATE_METHOD_MATCH = YES;
				"CODE_SIGN_IDENTITY[sdk=iphoneos*]" = "iPhone Developer";
				COPY_PHASE_STRIP = NO;
				DEBUG_INFORMATION_FORMAT = dwarf;
				ENABLE_STRICT_OBJC_MSGSEND = YES;
				ENABLE_TESTABILITY = YES;
				GCC_C_LANGUAGE_STANDARD = gnu99;
				GCC_DYNAMIC_NO_PIC = NO;
				GCC_NO_COMMON_BLOCKS = YES;
				GCC_OPTIMIZATION_LEVEL = 0;
				GCC_PREPROCESSOR_DEFINITIONS = (
					"DEBUG=1",
					"$(inherited)",
				);
				GCC_WARN_64_TO_32_BIT_CONVERSION = YES;
				GCC_WARN_ABOUT_RETURN_TYPE = YES_ERROR;
				GCC_WARN_UNDECLARED_SELECTOR = YES;
				GCC_WARN_UNINITIALIZED_AUTOS = YES_AGGRESSIVE;
				GCC_WARN_UNUSED_FUNCTION = YES;
				GCC_WARN_UNUSED_VARIABLE = YES;
				IPHONEOS_DEPLOYMENT_TARGET = 9.3;
				MTL_ENABLE_DEBUG_INFO = YES;
				ONLY_ACTIVE_ARCH = YES;
				SDKROOT = iphoneos;
				SWIFT_OPTIMIZATION_LEVEL = "-Onone";
				TARGETED_DEVICE_FAMILY = "1,2";
			};
			name = Debug;
		};
		D0D489201E8722BC007A1FB4 /* Release */ = {
			isa = XCBuildConfiguration;
			buildSettings = {
				ALWAYS_SEARCH_USER_PATHS = NO;
				CLANG_ANALYZER_NONNULL = YES;
				CLANG_CXX_LANGUAGE_STANDARD = "gnu++0x";
				CLANG_CXX_LIBRARY = "libc++";
				CLANG_ENABLE_MODULES = YES;
				CLANG_ENABLE_OBJC_ARC = YES;
				CLANG_WARN_BOOL_CONVERSION = YES;
				CLANG_WARN_CONSTANT_CONVERSION = YES;
				CLANG_WARN_DIRECT_OBJC_ISA_USAGE = YES_ERROR;
				CLANG_WARN_EMPTY_BODY = YES;
				CLANG_WARN_ENUM_CONVERSION = YES;
				CLANG_WARN_INT_CONVERSION = YES;
				CLANG_WARN_OBJC_ROOT_CLASS = YES_ERROR;
				CLANG_WARN_UNREACHABLE_CODE = YES;
				CLANG_WARN__DUPLICATE_METHOD_MATCH = YES;
				"CODE_SIGN_IDENTITY[sdk=iphoneos*]" = "iPhone Developer";
				COPY_PHASE_STRIP = NO;
				DEBUG_INFORMATION_FORMAT = "dwarf-with-dsym";
				ENABLE_NS_ASSERTIONS = NO;
				ENABLE_STRICT_OBJC_MSGSEND = YES;
				GCC_C_LANGUAGE_STANDARD = gnu99;
				GCC_NO_COMMON_BLOCKS = YES;
				GCC_WARN_64_TO_32_BIT_CONVERSION = YES;
				GCC_WARN_ABOUT_RETURN_TYPE = YES_ERROR;
				GCC_WARN_UNDECLARED_SELECTOR = YES;
				GCC_WARN_UNINITIALIZED_AUTOS = YES_AGGRESSIVE;
				GCC_WARN_UNUSED_FUNCTION = YES;
				GCC_WARN_UNUSED_VARIABLE = YES;
				IPHONEOS_DEPLOYMENT_TARGET = 9.3;
				MTL_ENABLE_DEBUG_INFO = NO;
				SDKROOT = iphoneos;
				TARGETED_DEVICE_FAMILY = "1,2";
				VALIDATE_PRODUCT = YES;
			};
			name = Release;
		};
		D0D489221E8722BC007A1FB4 /* Debug */ = {
			isa = XCBuildConfiguration;
			buildSettings = {
				ASSETCATALOG_COMPILER_APPICON_NAME = AppIcon;
				INFOPLIST_FILE = MojePrzepisy/Info.plist;
				LD_RUNPATH_SEARCH_PATHS = "$(inherited) @executable_path/Frameworks";
				PRODUCT_BUNDLE_IDENTIFIER = com.peterzig.MojePrzepisy;
				PRODUCT_NAME = "$(TARGET_NAME)";
			};
			name = Debug;
		};
		D0D489231E8722BC007A1FB4 /* Release */ = {
			isa = XCBuildConfiguration;
			buildSettings = {
				ASSETCATALOG_COMPILER_APPICON_NAME = AppIcon;
				INFOPLIST_FILE = MojePrzepisy/Info.plist;
				LD_RUNPATH_SEARCH_PATHS = "$(inherited) @executable_path/Frameworks";
				PRODUCT_BUNDLE_IDENTIFIER = com.peterzig.MojePrzepisy;
				PRODUCT_NAME = "$(TARGET_NAME)";
			};
			name = Release;
		};
/* End XCBuildConfiguration section */

/* Begin XCConfigurationList section */
		D0D489071E8722BB007A1FB4 /* Build configuration list for PBXProject "MojePrzepisy" */ = {
			isa = XCConfigurationList;
			buildConfigurations = (
				D0D4891F1E8722BC007A1FB4 /* Debug */,
				D0D489201E8722BC007A1FB4 /* Release */,
			);
			defaultConfigurationIsVisible = 0;
			defaultConfigurationName = Release;
		};
		D0D489211E8722BC007A1FB4 /* Build configuration list for PBXNativeTarget "MojePrzepisy" */ = {
			isa = XCConfigurationList;
			buildConfigurations = (
				D0D489221E8722BC007A1FB4 /* Debug */,
				D0D489231E8722BC007A1FB4 /* Release */,
			);
			defaultConfigurationIsVisible = 0;
		};
/* End XCConfigurationList section */

/* Begin XCVersionGroup section */
		D0D489161E8722BB007A1FB4 /* MojePrzepisy.xcdatamodeld */ = {
			isa = XCVersionGroup;
			children = (
				D0D489171E8722BB007A1FB4 /* MojePrzepisy.xcdatamodel */,
			);
			currentVersion = D0D489171E8722BB007A1FB4 /* MojePrzepisy.xcdatamodel */;
			path = MojePrzepisy.xcdatamodeld;
			sourceTree = "<group>";
			versionGroupType = wrapper.xcdatamodel;
		};
/* End XCVersionGroup section */
	};
	rootObject = D0D489041E8722BB007A1FB4 /* Project object */;
}
